
Microsoft Visual Studio Solution File, Format Version 12.00
# Visual Studio Version 16
VisualStudioVersion = 16.0.30114.105
MinimumVisualStudioVersion = 10.0.40219.1
Project("{FAE04EC0-301F-11D3-BF4B-00C04F79EFBC}") = "Analyzers", "Analyzers\Analyzers.csproj", "{78E67732-CF22-43AA-BDA8-72F4518C1121}"
EndProject
Project("{FAE04EC0-301F-11D3-BF4B-00C04F79EFBC}") = "Analyzers.Tests", "Analyzers.Tests\Analyzers.Tests.csproj", "{688B8DA0-82D9-4F39-A72C-86A22CB449A0}"
EndProject
Project("{FAE04EC0-301F-11D3-BF4B-00C04F79EFBC}") = "Common", "Common\Common.csproj", "{2130AE1F-0F95-418A-B0AE-F81989C96C7F}"
EndProject
Global
	GlobalSection(SolutionConfigurationPlatforms) = preSolution
		Debug|Any CPU = Debug|Any CPU
		Release|Any CPU = Release|Any CPU
	EndGlobalSection
	GlobalSection(SolutionProperties) = preSolution
		HideSolutionNode = FALSE
	EndGlobalSection
	GlobalSection(ProjectConfigurationPlatforms) = postSolution
		{78E67732-CF22-43AA-BDA8-72F4518C1121}.Debug|Any CPU.ActiveCfg = Debug|Any CPU
		{78E67732-CF22-43AA-BDA8-72F4518C1121}.Debug|Any CPU.Build.0 = Debug|Any CPU
		{78E67732-CF22-43AA-BDA8-72F4518C1121}.Release|Any CPU.ActiveCfg = Release|Any CPU
		{78E67732-CF22-43AA-BDA8-72F4518C1121}.Release|Any CPU.Build.0 = Release|Any CPU
		{688B8DA0-82D9-4F39-A72C-86A22CB449A0}.Debug|Any CPU.ActiveCfg = Debug|Any CPU
		{688B8DA0-82D9-4F39-A72C-86A22CB449A0}.Debug|Any CPU.Build.0 = Debug|Any CPU
		{688B8DA0-82D9-4F39-A72C-86A22CB449A0}.Release|Any CPU.ActiveCfg = Release|Any CPU
		{688B8DA0-82D9-4F39-A72C-86A22CB449A0}.Release|Any CPU.Build.0 = Release|Any CPU
		{2130AE1F-0F95-418A-B0AE-F81989C96C7F}.Debug|Any CPU.ActiveCfg = Debug|Any CPU
		{2130AE1F-0F95-418A-B0AE-F81989C96C7F}.Debug|Any CPU.Build.0 = Debug|Any CPU
		{2130AE1F-0F95-418A-B0AE-F81989C96C7F}.Release|Any CPU.ActiveCfg = Release|Any CPU
		{2130AE1F-0F95-418A-B0AE-F81989C96C7F}.Release|Any CPU.Build.0 = Release|Any CPU
	EndGlobalSection
EndGlobal
